
Microsoft Visual Studio Solution File, Format Version 12.00
# Visual Studio Version 16
VisualStudioVersion = 16.0.32002.261
MinimumVisualStudioVersion = 10.0.40219.1
Project("{FAE04EC0-301F-11D3-BF4B-00C04F79EFBC}") = "DesktopTanuki", "DesktopTanuki\DesktopTanuki.csproj", "{B997E99B-D10F-4295-844A-C4D40B737DCE}"
EndProject
Global
	GlobalSection(SolutionConfigurationPlatforms) = preSolution
		Debug|Any CPU = Debug|Any CPU
		Release|Any CPU = Release|Any CPU
	EndGlobalSection
	GlobalSection(ProjectConfigurationPlatforms) = postSolution
		{B997E99B-D10F-4295-844A-C4D40B737DCE}.Debug|Any CPU.ActiveCfg = Debug|Any CPU
		{B997E99B-D10F-4295-844A-C4D40B737DCE}.Debug|Any CPU.Build.0 = Debug|Any CPU
		{B997E99B-D10F-4295-844A-C4D40B737DCE}.Release|Any CPU.ActiveCfg = Release|Any CPU
		{B997E99B-D10F-4295-844A-C4D40B737DCE}.Release|Any CPU.Build.0 = Release|Any CPU
	EndGlobalSection
	GlobalSection(SolutionProperties) = preSolution
		HideSolutionNode = FALSE
	EndGlobalSection
	GlobalSection(ExtensibilityGlobals) = postSolution
		SolutionGuid = {7101DA22-4413-41CB-89AB-EF93F39BA74A}
	EndGlobalSection
EndGlobal
